
Microsoft Visual Studio Solution File, Format Version 12.00
# Visual Studio Version 16
VisualStudioVersion = 16.0.30413.136
MinimumVisualStudioVersion = 10.0.40219.1
Project("{FAE04EC0-301F-11D3-BF4B-00C04F79EFBC}") = "Final_DIARS", "Final_DIARS\Final_DIARS.csproj", "{7338989D-F7E6-45C8-8743-8894B0DCB209}"
EndProject
Global
	GlobalSection(SolutionConfigurationPlatforms) = preSolution
		Debug|Any CPU = Debug|Any CPU
		Release|Any CPU = Release|Any CPU
	EndGlobalSection
	GlobalSection(ProjectConfigurationPlatforms) = postSolution
		{7338989D-F7E6-45C8-8743-8894B0DCB209}.Debug|Any CPU.ActiveCfg = Debug|Any CPU
		{7338989D-F7E6-45C8-8743-8894B0DCB209}.Debug|Any CPU.Build.0 = Debug|Any CPU
		{7338989D-F7E6-45C8-8743-8894B0DCB209}.Release|Any CPU.ActiveCfg = Release|Any CPU
		{7338989D-F7E6-45C8-8743-8894B0DCB209}.Release|Any CPU.Build.0 = Release|Any CPU
	EndGlobalSection
	GlobalSection(SolutionProperties) = preSolution
		HideSolutionNode = FALSE
	EndGlobalSection
	GlobalSection(ExtensibilityGlobals) = postSolution
		SolutionGuid = {4BF85918-209A-41EB-AE3B-D50293FBB68F}
	EndGlobalSection
EndGlobal
